// !$*UTF8*$!
{
	archiveVersion = 1;
	classes = {
	};
	objectVersion = 51;
	objects = {

/* Begin PBXBuildFile section */
		27E43C4E7FF128ED46D9B901 /* Pods_Sprinklr.framework in Frameworks */ = {isa = PBXBuildFile; fileRef = 0C344CC49F3183C250FB5BB3 /* Pods_Sprinklr.framework */; };
		2F1C4861257BA4FE001539ED /* AnimatableButton.swift in Sources */ = {isa = PBXBuildFile; fileRef = 2F1C4860257BA4FE001539ED /* AnimatableButton.swift */; };
		2FC5C386257B54D800A731B3 /* AppDelegate.swift in Sources */ = {isa = PBXBuildFile; fileRef = 2FC5C385257B54D800A731B3 /* AppDelegate.swift */; };
		2FC5C388257B54D800A731B3 /* SceneDelegate.swift in Sources */ = {isa = PBXBuildFile; fileRef = 2FC5C387257B54D800A731B3 /* SceneDelegate.swift */; };
		2FC5C38D257B54D800A731B3 /* Main.storyboard in Resources */ = {isa = PBXBuildFile; fileRef = 2FC5C38B257B54D800A731B3 /* Main.storyboard */; };
		2FC5C38F257B54D900A731B3 /* Assets.xcassets in Resources */ = {isa = PBXBuildFile; fileRef = 2FC5C38E257B54D900A731B3 /* Assets.xcassets */; };
		2FC5C392257B54D900A731B3 /* LaunchScreen.storyboard in Resources */ = {isa = PBXBuildFile; fileRef = 2FC5C390257B54D900A731B3 /* LaunchScreen.storyboard */; };
		2FC5C3BD257B586F00A731B3 /* FeedPresenter.swift in Sources */ = {isa = PBXBuildFile; fileRef = 2FC5C3B7257B586F00A731B3 /* FeedPresenter.swift */; };
		2FC5C3BE257B586F00A731B3 /* FeedWorker.swift in Sources */ = {isa = PBXBuildFile; fileRef = 2FC5C3B8257B586F00A731B3 /* FeedWorker.swift */; };
		2FC5C3C0257B586F00A731B3 /* FeedModels.swift in Sources */ = {isa = PBXBuildFile; fileRef = 2FC5C3BA257B586F00A731B3 /* FeedModels.swift */; };
		2FC5C3C1257B586F00A731B3 /* FeedViewController.swift in Sources */ = {isa = PBXBuildFile; fileRef = 2FC5C3BB257B586F00A731B3 /* FeedViewController.swift */; };
		2FC5C3C2257B586F00A731B3 /* FeedInteractor.swift in Sources */ = {isa = PBXBuildFile; fileRef = 2FC5C3BC257B586F00A731B3 /* FeedInteractor.swift */; };
		2FC5C3C7257B698F00A731B3 /* FeedProductTableViewCell.swift in Sources */ = {isa = PBXBuildFile; fileRef = 2FC5C3C5257B698F00A731B3 /* FeedProductTableViewCell.swift */; };
		2FC5C3C8257B698F00A731B3 /* FeedProductTableViewCell.xib in Resources */ = {isa = PBXBuildFile; fileRef = 2FC5C3C6257B698F00A731B3 /* FeedProductTableViewCell.xib */; };
		2FC5C3CC257B720A00A731B3 /* model.json in Resources */ = {isa = PBXBuildFile; fileRef = 2FC5C3CB257B720A00A731B3 /* model.json */; };
		2FC5C3D0257B763E00A731B3 /* ImageDownloader.swift in Sources */ = {isa = PBXBuildFile; fileRef = 2FC5C3CF257B763E00A731B3 /* ImageDownloader.swift */; };
/* End PBXBuildFile section */

/* Begin PBXFileReference section */
		0C344CC49F3183C250FB5BB3 /* Pods_Sprinklr.framework */ = {isa = PBXFileReference; explicitFileType = wrapper.framework; includeInIndex = 0; path = Pods_Sprinklr.framework; sourceTree = BUILT_PRODUCTS_DIR; };
		0E2F723D8B2DC7C747F3B123 /* Pods_SprinklrTests.framework */ = {isa = PBXFileReference; explicitFileType = wrapper.framework; includeInIndex = 0; path = Pods_SprinklrTests.framework; sourceTree = BUILT_PRODUCTS_DIR; };
		2F1C4860257BA4FE001539ED /* AnimatableButton.swift */ = {isa = PBXFileReference; fileEncoding = 4; lastKnownFileType = sourcecode.swift; path = AnimatableButton.swift; sourceTree = "<group>"; };
		2FC5C382257B54D800A731B3 /* Sprinklr.app */ = {isa = PBXFileReference; explicitFileType = wrapper.application; includeInIndex = 0; path = Sprinklr.app; sourceTree = BUILT_PRODUCTS_DIR; };
		2FC5C385257B54D800A731B3 /* AppDelegate.swift */ = {isa = PBXFileReference; lastKnownFileType = sourcecode.swift; path = AppDelegate.swift; sourceTree = "<group>"; };
		2FC5C387257B54D800A731B3 /* SceneDelegate.swift */ = {isa = PBXFileReference; lastKnownFileType = sourcecode.swift; path = SceneDelegate.swift; sourceTree = "<group>"; };
		2FC5C38C257B54D800A731B3 /* Base */ = {isa = PBXFileReference; lastKnownFileType = file.storyboard; name = Base; path = Base.lproj/Main.storyboard; sourceTree = "<group>"; };
		2FC5C38E257B54D900A731B3 /* Assets.xcassets */ = {isa = PBXFileReference; lastKnownFileType = folder.assetcatalog; path = Assets.xcassets; sourceTree = "<group>"; };
		2FC5C391257B54D900A731B3 /* Base */ = {isa = PBXFileReference; lastKnownFileType = file.storyboard; name = Base; path = Base.lproj/LaunchScreen.storyboard; sourceTree = "<group>"; };
		2FC5C393257B54D900A731B3 /* Info.plist */ = {isa = PBXFileReference; lastKnownFileType = text.plist.xml; path = Info.plist; sourceTree = "<group>"; };
		2FC5C3B7257B586F00A731B3 /* FeedPresenter.swift */ = {isa = PBXFileReference; lastKnownFileType = sourcecode.swift; path = FeedPresenter.swift; sourceTree = "<group>"; };
		2FC5C3B8257B586F00A731B3 /* FeedWorker.swift */ = {isa = PBXFileReference; lastKnownFileType = sourcecode.swift; path = FeedWorker.swift; sourceTree = "<group>"; };
		2FC5C3BA257B586F00A731B3 /* FeedModels.swift */ = {isa = PBXFileReference; lastKnownFileType = sourcecode.swift; path = FeedModels.swift; sourceTree = "<group>"; };
		2FC5C3BB257B586F00A731B3 /* FeedViewController.swift */ = {isa = PBXFileReference; lastKnownFileType = sourcecode.swift; path = FeedViewController.swift; sourceTree = "<group>"; };
		2FC5C3BC257B586F00A731B3 /* FeedInteractor.swift */ = {isa = PBXFileReference; lastKnownFileType = sourcecode.swift; path = FeedInteractor.swift; sourceTree = "<group>"; };
		2FC5C3C5257B698F00A731B3 /* FeedProductTableViewCell.swift */ = {isa = PBXFileReference; lastKnownFileType = sourcecode.swift; path = FeedProductTableViewCell.swift; sourceTree = "<group>"; };
		2FC5C3C6257B698F00A731B3 /* FeedProductTableViewCell.xib */ = {isa = PBXFileReference; lastKnownFileType = file.xib; path = FeedProductTableViewCell.xib; sourceTree = "<group>"; };
		2FC5C3CB257B720A00A731B3 /* model.json */ = {isa = PBXFileReference; fileEncoding = 4; lastKnownFileType = text.json; path = model.json; sourceTree = "<group>"; };
		2FC5C3CF257B763E00A731B3 /* ImageDownloader.swift */ = {isa = PBXFileReference; lastKnownFileType = sourcecode.swift; path = ImageDownloader.swift; sourceTree = "<group>"; };
		32AABC8147BC31A388FCF2C7 /* Pods_Sprinklr_SprinklrUITests.framework */ = {isa = PBXFileReference; explicitFileType = wrapper.framework; includeInIndex = 0; path = Pods_Sprinklr_SprinklrUITests.framework; sourceTree = BUILT_PRODUCTS_DIR; };
		3547D9060E2D24B5BD379BD6 /* Pods-SprinklrTests.release.xcconfig */ = {isa = PBXFileReference; includeInIndex = 1; lastKnownFileType = text.xcconfig; name = "Pods-SprinklrTests.release.xcconfig"; path = "Target Support Files/Pods-SprinklrTests/Pods-SprinklrTests.release.xcconfig"; sourceTree = "<group>"; };
		3BA254D6083748B5E673FE23 /* Pods-Sprinklr-SprinklrUITests.release.xcconfig */ = {isa = PBXFileReference; includeInIndex = 1; lastKnownFileType = text.xcconfig; name = "Pods-Sprinklr-SprinklrUITests.release.xcconfig"; path = "Target Support Files/Pods-Sprinklr-SprinklrUITests/Pods-Sprinklr-SprinklrUITests.release.xcconfig"; sourceTree = "<group>"; };
		719EB146E675417D2ACCA8EF /* Pods-Sprinklr-SprinklrUITests.debug.xcconfig */ = {isa = PBXFileReference; includeInIndex = 1; lastKnownFileType = text.xcconfig; name = "Pods-Sprinklr-SprinklrUITests.debug.xcconfig"; path = "Target Support Files/Pods-Sprinklr-SprinklrUITests/Pods-Sprinklr-SprinklrUITests.debug.xcconfig"; sourceTree = "<group>"; };
		ADFD2D665D36EA813CBE0FCB /* Pods-Sprinklr.debug.xcconfig */ = {isa = PBXFileReference; includeInIndex = 1; lastKnownFileType = text.xcconfig; name = "Pods-Sprinklr.debug.xcconfig"; path = "Target Support Files/Pods-Sprinklr/Pods-Sprinklr.debug.xcconfig"; sourceTree = "<group>"; };
		C1C8A8C8DF122A912CAC0357 /* Pods-SprinklrTests.debug.xcconfig */ = {isa = PBXFileReference; includeInIndex = 1; lastKnownFileType = text.xcconfig; name = "Pods-SprinklrTests.debug.xcconfig"; path = "Target Support Files/Pods-SprinklrTests/Pods-SprinklrTests.debug.xcconfig"; sourceTree = "<group>"; };
		E0248F91D1E95A8AB8E938BD /* Pods-Sprinklr.release.xcconfig */ = {isa = PBXFileReference; includeInIndex = 1; lastKnownFileType = text.xcconfig; name = "Pods-Sprinklr.release.xcconfig"; path = "Target Support Files/Pods-Sprinklr/Pods-Sprinklr.release.xcconfig"; sourceTree = "<group>"; };
/* End PBXFileReference section */

/* Begin PBXFrameworksBuildPhase section */
		2FC5C37F257B54D800A731B3 /* Frameworks */ = {
			isa = PBXFrameworksBuildPhase;
			buildActionMask = 2147483647;
			files = (
				27E43C4E7FF128ED46D9B901 /* Pods_Sprinklr.framework in Frameworks */,
			);
			runOnlyForDeploymentPostprocessing = 0;
		};
/* End PBXFrameworksBuildPhase section */

/* Begin PBXGroup section */
		0200CEB8042418EF2E694038 /* Pods */ = {
			isa = PBXGroup;
			children = (
				ADFD2D665D36EA813CBE0FCB /* Pods-Sprinklr.debug.xcconfig */,
				E0248F91D1E95A8AB8E938BD /* Pods-Sprinklr.release.xcconfig */,
				719EB146E675417D2ACCA8EF /* Pods-Sprinklr-SprinklrUITests.debug.xcconfig */,
				3BA254D6083748B5E673FE23 /* Pods-Sprinklr-SprinklrUITests.release.xcconfig */,
				C1C8A8C8DF122A912CAC0357 /* Pods-SprinklrTests.debug.xcconfig */,
				3547D9060E2D24B5BD379BD6 /* Pods-SprinklrTests.release.xcconfig */,
			);
			path = Pods;
			sourceTree = "<group>";
		};
		2FC5C379257B54D800A731B3 = {
			isa = PBXGroup;
			children = (
				2FC5C384257B54D800A731B3 /* Sprinklr */,
				2FC5C383257B54D800A731B3 /* Products */,
				0200CEB8042418EF2E694038 /* Pods */,
				7233290FBC3A79FD88509C58 /* Frameworks */,
			);
			sourceTree = "<group>";
		};
		2FC5C383257B54D800A731B3 /* Products */ = {
			isa = PBXGroup;
			children = (
				2FC5C382257B54D800A731B3 /* Sprinklr.app */,
			);
			name = Products;
			sourceTree = "<group>";
		};
		2FC5C384257B54D800A731B3 /* Sprinklr */ = {
			isa = PBXGroup;
			children = (
				2FC5C3CD257B762200A731B3 /* Managers */,
				2FC5C3B5257B583300A731B3 /* Scenes */,
				2FC5C385257B54D800A731B3 /* AppDelegate.swift */,
				2FC5C387257B54D800A731B3 /* SceneDelegate.swift */,
				2FC5C38B257B54D800A731B3 /* Main.storyboard */,
				2FC5C38E257B54D900A731B3 /* Assets.xcassets */,
				2FC5C390257B54D900A731B3 /* LaunchScreen.storyboard */,
				2FC5C3CB257B720A00A731B3 /* model.json */,
				2FC5C393257B54D900A731B3 /* Info.plist */,
			);
			path = Sprinklr;
			sourceTree = "<group>";
		};
		2FC5C3B5257B583300A731B3 /* Scenes */ = {
			isa = PBXGroup;
			children = (
				2FC5C3B6257B583F00A731B3 /* Feed */,
			);
			path = Scenes;
			sourceTree = "<group>";
		};
		2FC5C3B6257B583F00A731B3 /* Feed */ = {
			isa = PBXGroup;
			children = (
				2FC5C3C3257B695E00A731B3 /* Views */,
				2FC5C3B7257B586F00A731B3 /* FeedPresenter.swift */,
				2FC5C3B8257B586F00A731B3 /* FeedWorker.swift */,
				2FC5C3BA257B586F00A731B3 /* FeedModels.swift */,
				2FC5C3BB257B586F00A731B3 /* FeedViewController.swift */,
				2FC5C3BC257B586F00A731B3 /* FeedInteractor.swift */,
			);
			path = Feed;
			sourceTree = "<group>";
		};
		2FC5C3C3257B695E00A731B3 /* Views */ = {
			isa = PBXGroup;
			children = (
				2F1C4860257BA4FE001539ED /* AnimatableButton.swift */,
				2FC5C3C4257B697200A731B3 /* TableViewCells */,
			);
			path = Views;
			sourceTree = "<group>";
		};
		2FC5C3C4257B697200A731B3 /* TableViewCells */ = {
			isa = PBXGroup;
			children = (
				2FC5C3C5257B698F00A731B3 /* FeedProductTableViewCell.swift */,
				2FC5C3C6257B698F00A731B3 /* FeedProductTableViewCell.xib */,
			);
			path = TableViewCells;
			sourceTree = "<group>";
		};
		2FC5C3CD257B762200A731B3 /* Managers */ = {
			isa = PBXGroup;
			children = (
				2FC5C3CE257B762F00A731B3 /* ImageDownloader */,
			);
			path = Managers;
			sourceTree = "<group>";
		};
		2FC5C3CE257B762F00A731B3 /* ImageDownloader */ = {
			isa = PBXGroup;
			children = (
				2FC5C3CF257B763E00A731B3 /* ImageDownloader.swift */,
			);
			path = ImageDownloader;
			sourceTree = "<group>";
		};
		7233290FBC3A79FD88509C58 /* Frameworks */ = {
			isa = PBXGroup;
			children = (
				0C344CC49F3183C250FB5BB3 /* Pods_Sprinklr.framework */,
				32AABC8147BC31A388FCF2C7 /* Pods_Sprinklr_SprinklrUITests.framework */,
				0E2F723D8B2DC7C747F3B123 /* Pods_SprinklrTests.framework */,
			);
			name = Frameworks;
			sourceTree = "<group>";
		};
/* End PBXGroup section */

/* Begin PBXNativeTarget section */
		2FC5C381257B54D800A731B3 /* Sprinklr */ = {
			isa = PBXNativeTarget;
			buildConfigurationList = 2FC5C3AC257B54DA00A731B3 /* Build configuration list for PBXNativeTarget "Sprinklr" */;
			buildPhases = (
				4E7D233E2A0AB1725614C839 /* [CP] Check Pods Manifest.lock */,
				2FC5C37E257B54D800A731B3 /* Sources */,
				2FC5C37F257B54D800A731B3 /* Frameworks */,
				2FC5C380257B54D800A731B3 /* Resources */,
				1AE5D0FBC0C3CBF9848D8613 /* [CP] Embed Pods Frameworks */,
			);
			buildRules = (
			);
			dependencies = (
			);
			name = Sprinklr;
			productName = Sprinklr;
			productReference = 2FC5C382257B54D800A731B3 /* Sprinklr.app */;
			productType = "com.apple.product-type.application";
		};
/* End PBXNativeTarget section */

/* Begin PBXProject section */
		2FC5C37A257B54D800A731B3 /* Project object */ = {
			isa = PBXProject;
			attributes = {
				LastSwiftUpdateCheck = 1130;
				LastUpgradeCheck = 1130;
				ORGANIZATIONNAME = B0206635;
				TargetAttributes = {
					2FC5C381257B54D800A731B3 = {
						CreatedOnToolsVersion = 11.3;
					};
				};
			};
			buildConfigurationList = 2FC5C37D257B54D800A731B3 /* Build configuration list for PBXProject "Sprinklr" */;
			compatibilityVersion = "Xcode 9.3";
			developmentRegion = en;
			hasScannedForEncodings = 0;
			knownRegions = (
				en,
				Base,
			);
			mainGroup = 2FC5C379257B54D800A731B3;
			productRefGroup = 2FC5C383257B54D800A731B3 /* Products */;
			projectDirPath = "";
			projectRoot = "";
			targets = (
				2FC5C381257B54D800A731B3 /* Sprinklr */,
			);
		};
/* End PBXProject section */

/* Begin PBXResourcesBuildPhase section */
		2FC5C380257B54D800A731B3 /* Resources */ = {
			isa = PBXResourcesBuildPhase;
			buildActionMask = 2147483647;
			files = (
				2FC5C392257B54D900A731B3 /* LaunchScreen.storyboard in Resources */,
				2FC5C3C8257B698F00A731B3 /* FeedProductTableViewCell.xib in Resources */,
				2FC5C3CC257B720A00A731B3 /* model.json in Resources */,
				2FC5C38F257B54D900A731B3 /* Assets.xcassets in Resources */,
				2FC5C38D257B54D800A731B3 /* Main.storyboard in Resources */,
			);
			runOnlyForDeploymentPostprocessing = 0;
		};
/* End PBXResourcesBuildPhase section */

/* Begin PBXShellScriptBuildPhase section */
		1AE5D0FBC0C3CBF9848D8613 /* [CP] Embed Pods Frameworks */ = {
			isa = PBXShellScriptBuildPhase;
			buildActionMask = 2147483647;
			files = (
			);
			inputFileListPaths = (
				"${PODS_ROOT}/Target Support Files/Pods-Sprinklr/Pods-Sprinklr-frameworks-${CONFIGURATION}-input-files.xcfilelist",
			);
			name = "[CP] Embed Pods Frameworks";
			outputFileListPaths = (
				"${PODS_ROOT}/Target Support Files/Pods-Sprinklr/Pods-Sprinklr-frameworks-${CONFIGURATION}-output-files.xcfilelist",
			);
			runOnlyForDeploymentPostprocessing = 0;
			shellPath = /bin/sh;
			shellScript = "\"${PODS_ROOT}/Target Support Files/Pods-Sprinklr/Pods-Sprinklr-frameworks.sh\"\n";
			showEnvVarsInLog = 0;
		};
		4E7D233E2A0AB1725614C839 /* [CP] Check Pods Manifest.lock */ = {
			isa = PBXShellScriptBuildPhase;
			buildActionMask = 2147483647;
			files = (
			);
			inputFileListPaths = (
			);
			inputPaths = (
				"${PODS_PODFILE_DIR_PATH}/Podfile.lock",
				"${PODS_ROOT}/Manifest.lock",
			);
			name = "[CP] Check Pods Manifest.lock";
			outputFileListPaths = (
			);
			outputPaths = (
				"$(DERIVED_FILE_DIR)/Pods-Sprinklr-checkManifestLockResult.txt",
			);
			runOnlyForDeploymentPostprocessing = 0;
			shellPath = /bin/sh;
			shellScript = "diff \"${PODS_PODFILE_DIR_PATH}/Podfile.lock\" \"${PODS_ROOT}/Manifest.lock\" > /dev/null\nif [ $? != 0 ] ; then\n    # print error to STDERR\n    echo \"error: The sandbox is not in sync with the Podfile.lock. Run 'pod install' or update your CocoaPods installation.\" >&2\n    exit 1\nfi\n# This output is used by Xcode 'outputs' to avoid re-running this script phase.\necho \"SUCCESS\" > \"${SCRIPT_OUTPUT_FILE_0}\"\n";
			showEnvVarsInLog = 0;
		};
/* End PBXShellScriptBuildPhase section */

/* Begin PBXSourcesBuildPhase section */
		2FC5C37E257B54D800A731B3 /* Sources */ = {
			isa = PBXSourcesBuildPhase;
			buildActionMask = 2147483647;
			files = (
				2FC5C3C0257B586F00A731B3 /* FeedModels.swift in Sources */,
				2FC5C3BE257B586F00A731B3 /* FeedWorker.swift in Sources */,
				2F1C4861257BA4FE001539ED /* AnimatableButton.swift in Sources */,
				2FC5C386257B54D800A731B3 /* AppDelegate.swift in Sources */,
				2FC5C3BD257B586F00A731B3 /* FeedPresenter.swift in Sources */,
				2FC5C3D0257B763E00A731B3 /* ImageDownloader.swift in Sources */,
				2FC5C3C1257B586F00A731B3 /* FeedViewController.swift in Sources */,
				2FC5C388257B54D800A731B3 /* SceneDelegate.swift in Sources */,
				2FC5C3C2257B586F00A731B3 /* FeedInteractor.swift in Sources */,
				2FC5C3C7257B698F00A731B3 /* FeedProductTableViewCell.swift in Sources */,
			);
			runOnlyForDeploymentPostprocessing = 0;
		};
/* End PBXSourcesBuildPhase section */

/* Begin PBXVariantGroup section */
		2FC5C38B257B54D800A731B3 /* Main.storyboard */ = {
			isa = PBXVariantGroup;
			children = (
				2FC5C38C257B54D800A731B3 /* Base */,
			);
			name = Main.storyboard;
			sourceTree = "<group>";
		};
		2FC5C390257B54D900A731B3 /* LaunchScreen.storyboard */ = {
			isa = PBXVariantGroup;
			children = (
				2FC5C391257B54D900A731B3 /* Base */,
			);
			name = LaunchScreen.storyboard;
			sourceTree = "<group>";
		};
/* End PBXVariantGroup section */

/* Begin XCBuildConfiguration section */
		2FC5C3AA257B54DA00A731B3 /* Debug */ = {
			isa = XCBuildConfiguration;
			buildSettings = {
				ALWAYS_SEARCH_USER_PATHS = NO;
				CLANG_ANALYZER_NONNULL = YES;
				CLANG_ANALYZER_NUMBER_OBJECT_CONVERSION = YES_AGGRESSIVE;
				CLANG_CXX_LANGUAGE_STANDARD = "gnu++14";
				CLANG_CXX_LIBRARY = "libc++";
				CLANG_ENABLE_MODULES = YES;
				CLANG_ENABLE_OBJC_ARC = YES;
				CLANG_ENABLE_OBJC_WEAK = YES;
				CLANG_WARN_BLOCK_CAPTURE_AUTORELEASING = YES;
				CLANG_WARN_BOOL_CONVERSION = YES;
				CLANG_WARN_COMMA = YES;
				CLANG_WARN_CONSTANT_CONVERSION = YES;
				CLANG_WARN_DEPRECATED_OBJC_IMPLEMENTATIONS = YES;
				CLANG_WARN_DIRECT_OBJC_ISA_USAGE = YES_ERROR;
				CLANG_WARN_DOCUMENTATION_COMMENTS = YES;
				CLANG_WARN_EMPTY_BODY = YES;
				CLANG_WARN_ENUM_CONVERSION = YES;
				CLANG_WARN_INFINITE_RECURSION = YES;
				CLANG_WARN_INT_CONVERSION = YES;
				CLANG_WARN_NON_LITERAL_NULL_CONVERSION = YES;
				CLANG_WARN_OBJC_IMPLICIT_RETAIN_SELF = YES;
				CLANG_WARN_OBJC_LITERAL_CONVERSION = YES;
				CLANG_WARN_OBJC_ROOT_CLASS = YES_ERROR;
				CLANG_WARN_RANGE_LOOP_ANALYSIS = YES;
				CLANG_WARN_STRICT_PROTOTYPES = YES;
				CLANG_WARN_SUSPICIOUS_MOVE = YES;
				CLANG_WARN_UNGUARDED_AVAILABILITY = YES_AGGRESSIVE;
				CLANG_WARN_UNREACHABLE_CODE = YES;
				CLANG_WARN__DUPLICATE_METHOD_MATCH = YES;
				COPY_PHASE_STRIP = NO;
				DEBUG_INFORMATION_FORMAT = dwarf;
				ENABLE_STRICT_OBJC_MSGSEND = YES;
				ENABLE_TESTABILITY = YES;
				GCC_C_LANGUAGE_STANDARD = gnu11;
				GCC_DYNAMIC_NO_PIC = NO;
				GCC_NO_COMMON_BLOCKS = YES;
				GCC_OPTIMIZATION_LEVEL = 0;
				GCC_PREPROCESSOR_DEFINITIONS = (
					"DEBUG=1",
					"$(inherited)",
				);
				GCC_WARN_64_TO_32_BIT_CONVERSION = YES;
				GCC_WARN_ABOUT_RETURN_TYPE = YES_ERROR;
				GCC_WARN_UNDECLARED_SELECTOR = YES;
				GCC_WARN_UNINITIALIZED_AUTOS = YES_AGGRESSIVE;
				GCC_WARN_UNUSED_FUNCTION = YES;
				GCC_WARN_UNUSED_VARIABLE = YES;
				IPHONEOS_DEPLOYMENT_TARGET = 13.2;
				MTL_ENABLE_DEBUG_INFO = INCLUDE_SOURCE;
				MTL_FAST_MATH = YES;
				ONLY_ACTIVE_ARCH = YES;
				SDKROOT = iphoneos;
				SWIFT_ACTIVE_COMPILATION_CONDITIONS = DEBUG;
				SWIFT_OPTIMIZATION_LEVEL = "-Onone";
			};
			name = Debug;
		};
		2FC5C3AB257B54DA00A731B3 /* Release */ = {
			isa = XCBuildConfiguration;
			buildSettings = {
				ALWAYS_SEARCH_USER_PATHS = NO;
				CLANG_ANALYZER_NONNULL = YES;
				CLANG_ANALYZER_NUMBER_OBJECT_CONVERSION = YES_AGGRESSIVE;
				CLANG_CXX_LANGUAGE_STANDARD = "gnu++14";
				CLANG_CXX_LIBRARY = "libc++";
				CLANG_ENABLE_MODULES = YES;
				CLANG_ENABLE_OBJC_ARC = YES;
				CLANG_ENABLE_OBJC_WEAK = YES;
				CLANG_WARN_BLOCK_CAPTURE_AUTORELEASING = YES;
				CLANG_WARN_BOOL_CONVERSION = YES;
				CLANG_WARN_COMMA = YES;
				CLANG_WARN_CONSTANT_CONVERSION = YES;
				CLANG_WARN_DEPRECATED_OBJC_IMPLEMENTATIONS = YES;
				CLANG_WARN_DIRECT_OBJC_ISA_USAGE = YES_ERROR;
				CLANG_WARN_DOCUMENTATION_COMMENTS = YES;
				CLANG_WARN_EMPTY_BODY = YES;
				CLANG_WARN_ENUM_CONVERSION = YES;
				CLANG_WARN_INFINITE_RECURSION = YES;
				CLANG_WARN_INT_CONVERSION = YES;
				CLANG_WARN_NON_LITERAL_NULL_CONVERSION = YES;
				CLANG_WARN_OBJC_IMPLICIT_RETAIN_SELF = YES;
				CLANG_WARN_OBJC_LITERAL_CONVERSION = YES;
				CLANG_WARN_OBJC_ROOT_CLASS = YES_ERROR;
				CLANG_WARN_RANGE_LOOP_ANALYSIS = YES;
				CLANG_WARN_STRICT_PROTOTYPES = YES;
				CLANG_WARN_SUSPICIOUS_MOVE = YES;
				CLANG_WARN_UNGUARDED_AVAILABILITY = YES_AGGRESSIVE;
				CLANG_WARN_UNREACHABLE_CODE = YES;
				CLANG_WARN__DUPLICATE_METHOD_MATCH = YES;
				COPY_PHASE_STRIP = NO;
				DEBUG_INFORMATION_FORMAT = "dwarf-with-dsym";
				ENABLE_NS_ASSERTIONS = NO;
				ENABLE_STRICT_OBJC_MSGSEND = YES;
				GCC_C_LANGUAGE_STANDARD = gnu11;
				GCC_NO_COMMON_BLOCKS = YES;
				GCC_WARN_64_TO_32_BIT_CONVERSION = YES;
				GCC_WARN_ABOUT_RETURN_TYPE = YES_ERROR;
				GCC_WARN_UNDECLARED_SELECTOR = YES;
				GCC_WARN_UNINITIALIZED_AUTOS = YES_AGGRESSIVE;
				GCC_WARN_UNUSED_FUNCTION = YES;
				GCC_WARN_UNUSED_VARIABLE = YES;
				IPHONEOS_DEPLOYMENT_TARGET = 13.2;
				MTL_ENABLE_DEBUG_INFO = NO;
				MTL_FAST_MATH = YES;
				SDKROOT = iphoneos;
				SWIFT_COMPILATION_MODE = wholemodule;
				SWIFT_OPTIMIZATION_LEVEL = "-O";
				VALIDATE_PRODUCT = YES;
			};
			name = Release;
		};
		2FC5C3AD257B54DA00A731B3 /* Debug */ = {
			isa = XCBuildConfiguration;
			baseConfigurationReference = ADFD2D665D36EA813CBE0FCB /* Pods-Sprinklr.debug.xcconfig */;
			buildSettings = {
				ASSETCATALOG_COMPILER_APPICON_NAME = AppIcon;
				CODE_SIGN_STYLE = Automatic;
				INFOPLIST_FILE = Sprinklr/Info.plist;
				LD_RUNPATH_SEARCH_PATHS = (
					"$(inherited)",
					"@executable_path/Frameworks",
				);
				PRODUCT_BUNDLE_IDENTIFIER = com.jayant.Sprinklr;
				PRODUCT_NAME = "$(TARGET_NAME)";
				SWIFT_VERSION = 5.0;
				TARGETED_DEVICE_FAMILY = "1,2";
			};
			name = Debug;
		};
		2FC5C3AE257B54DA00A731B3 /* Release */ = {
			isa = XCBuildConfiguration;
			baseConfigurationReference = E0248F91D1E95A8AB8E938BD /* Pods-Sprinklr.release.xcconfig */;
			buildSettings = {
				ASSETCATALOG_COMPILER_APPICON_NAME = AppIcon;
				CODE_SIGN_STYLE = Automatic;
				INFOPLIST_FILE = Sprinklr/Info.plist;
				LD_RUNPATH_SEARCH_PATHS = (
					"$(inherited)",
					"@executable_path/Frameworks",
				);
				PRODUCT_BUNDLE_IDENTIFIER = com.jayant.Sprinklr;
				PRODUCT_NAME = "$(TARGET_NAME)";
				SWIFT_VERSION = 5.0;
				TARGETED_DEVICE_FAMILY = "1,2";
			};
			name = Release;
		};
/* End XCBuildConfiguration section */

/* Begin XCConfigurationList section */
		2FC5C37D257B54D800A731B3 /* Build configuration list for PBXProject "Sprinklr" */ = {
			isa = XCConfigurationList;
			buildConfigurations = (
				2FC5C3AA257B54DA00A731B3 /* Debug */,
				2FC5C3AB257B54DA00A731B3 /* Release */,
			);
			defaultConfigurationIsVisible = 0;
			defaultConfigurationName = Release;
		};
		2FC5C3AC257B54DA00A731B3 /* Build configuration list for PBXNativeTarget "Sprinklr" */ = {
			isa = XCConfigurationList;
			buildConfigurations = (
				2FC5C3AD257B54DA00A731B3 /* Debug */,
				2FC5C3AE257B54DA00A731B3 /* Release */,
			);
			defaultConfigurationIsVisible = 0;
			defaultConfigurationName = Release;
		};
/* End XCConfigurationList section */
	};
	rootObject = 2FC5C37A257B54D800A731B3 /* Project object */;
}
